
Microsoft Visual Studio Solution File, Format Version 12.00
# Visual Studio Version 17
VisualStudioVersion = 17.0.32112.339
MinimumVisualStudioVersion = 10.0.40219.1
Project("{FAE04EC0-301F-11D3-BF4B-00C04F79EFBC}") = "Lesson5", "Lesson5\Lesson5.csproj", "{88A5A2BF-14D6-457D-9C4B-D09F0778239D}"
EndProject
Global
	GlobalSection(SolutionConfigurationPlatforms) = preSolution
		Debug|Any CPU = Debug|Any CPU
		Release|Any CPU = Release|Any CPU
	EndGlobalSection
	GlobalSection(ProjectConfigurationPlatforms) = postSolution
		{88A5A2BF-14D6-457D-9C4B-D09F0778239D}.Debug|Any CPU.ActiveCfg = Debug|Any CPU
		{88A5A2BF-14D6-457D-9C4B-D09F0778239D}.Debug|Any CPU.Build.0 = Debug|Any CPU
		{88A5A2BF-14D6-457D-9C4B-D09F0778239D}.Release|Any CPU.ActiveCfg = Release|Any CPU
		{88A5A2BF-14D6-457D-9C4B-D09F0778239D}.Release|Any CPU.Build.0 = Release|Any CPU
	EndGlobalSection
	GlobalSection(SolutionProperties) = preSolution
		HideSolutionNode = FALSE
	EndGlobalSection
	GlobalSection(ExtensibilityGlobals) = postSolution
		SolutionGuid = {231187BC-5412-4391-8D80-D8998D0C3536}
	EndGlobalSection
EndGlobal
